{
  "name": "miniprogram-1",
  "version": "1.0.0",
  "lockfileVersion": 1,
  "requires": true,
  "dependencies": {
    "rxjs6-wx": {
      "version": "2.0.8",
      "resolved": "https://registry.npmjs.org/rxjs6-wx/-/rxjs6-wx-2.0.8.tgz",
      "integrity": "sha512-IHs1g8KYQziTKYal8Pb6caWpeL5NzBQflDifJtt7mlLaewTRvyVhMc2l+GRYguCrPZXdqlLUqBQG+hXfNCmxsQ=="
    },
    "wxapp-graphql": {
      "version": "0.0.4",
      "resolved": "https://registry.npmjs.org/wxapp-graphql/-/wxapp-graphql-0.0.4.tgz",
      "integrity": "sha512-krdGwmRizDD9ssQuMcnx7Bptsv01X8aloog0uICDskHsq1rclAUpRE9b704Bn0ttPAgvH6ScEiNDJ6t8kGU57A=="
    }
  }
}
